<?xml version="1.0" encoding="utf-8"?>
<Project ToolsVersion="Current" xmlns="http://schemas.microsoft.com/developer/msbuild/2003">
  <ItemGroup>
    <ClCompile Include="Bootstrap.cpp" />
    <ClCompile Include="Base\Core.cpp" />
    <ClCompile Include="Utils\Helpers\ImportLibHelper.cpp" />
    <ClCompile Include="Managers\AssemblyVerifier.cpp" />
    <ClCompile Include="Managers\BaseAssembly.cpp" />
    <ClCompile Include="Managers\Exports.cpp" />
    <ClCompile Include="Managers\Game.cpp" />
    <ClCompile Include="Managers\Hook.cpp" />
    <ClCompile Include="Managers\Il2Cpp.cpp" />
    <ClCompile Include="Managers\InternalCalls.cpp" />
    <ClCompile Include="Managers\Mono.cpp" />
    <ClCompile Include="Utils\Patching\Patcher.cpp" />
    <ClCompile Include="Utils\AnalyticsBlocker.cpp" />
    <ClCompile Include="Utils\AssemblyGenerator.cpp" />
    <ClCompile Include="Utils\Assertion.cpp" />
    <ClCompile Include="Utils\Console\CommandLine.cpp" />
    <ClCompile Include="Utils\Console\Console.cpp" />
    <ClCompile Include="Utils\Console\Debug.cpp" />
    <ClCompile Include="Utils\HashCode.cpp" />
    <ClCompile Include="Utils\IniFile.cpp" />
    <ClCompile Include="Utils\Console\Logger.cpp" />
    <ClCompile Include="Utils\Patching\PatchHelper.cpp" />
    <ClCompile Include="Patcher\Patcher.cpp" />
    <ClCompile Include="Patcher\MemoryHelper.cpp" />
    <ClCompile Include="Patcher\Instance.cpp" />
    <ClCompile Include="Patcher\Tests\Instance.spec.cpp" />
    <ClCompile Include="Utils\UnitTesting\TestHelper.cpp" />
    <ClCompile Include="Patcher\Tests\Suite.spec.cpp" />
  </ItemGroup>
  <ItemGroup>
    <ClInclude Include="Utils\Helpers\ImportLibHelper.h" />
    <ClInclude Include="Utils\Patching\Patcher.h" />
    <ClInclude Include="pch.h" />
    <ClInclude Include="Base\Core.h" />
    <ClInclude Include="Managers\AssemblyVerifier.h" />
    <ClInclude Include="Managers\BaseAssembly.h" />
    <ClInclude Include="Managers\Game.h" />
    <ClInclude Include="Managers\Hook.h" />
    <ClInclude Include="Managers\Il2Cpp.h" />
    <ClInclude Include="Managers\InternalCalls.h" />
    <ClInclude Include="Managers\Mono.h" />
    <ClInclude Include="resource.h" />
    <ClInclude Include="Utils\AnalyticsBlocker.h" />
    <ClInclude Include="Utils\AssemblyGenerator.h" />
    <ClInclude Include="Utils\Assertion.h" />
    <ClInclude Include="Utils\Console\CommandLine.h" />
    <ClInclude Include="Utils\Console\Console.h" />
    <ClInclude Include="Utils\Console\Debug.h" />
    <ClInclude Include="Utils\HashCode.h" />
    <ClInclude Include="Utils\IniFile.h" />
    <ClInclude Include="Utils\Console\Logger.h" />
    <ClInclude Include="Utils\Patching\PatchHelper.h" />
    <ClInclude Include="Base\Keystone\include\keystone\arm.h" />
    <ClInclude Include="Base\Keystone\include\keystone\arm64.h" />
    <ClInclude Include="Base\Keystone\include\keystone\evm.h" />
    <ClInclude Include="Base\Keystone\include\keystone\hexagon.h" />
    <ClInclude Include="Base\Keystone\include\keystone\keystone.h" />
    <ClInclude Include="Base\Keystone\include\keystone\mips.h" />
    <ClInclude Include="Base\Keystone\include\keystone\ppc.h" />
    <ClInclude Include="Base\Keystone\include\keystone\sparc.h" />
    <ClInclude Include="Base\Keystone\include\keystone\systemz.h" />
    <ClInclude Include="Base\Keystone\include\keystone\x86.h" />
    <ClInclude Include="Base\Liberation\Liberation.h" />
    <ClInclude Include="Patcher\Instance.h" />
    <ClInclude Include="Utils\UnitTesting\TestHelper.h" />
    <ClInclude Include="Patcher\Tests\Instance.spec.h" />
    <ClInclude Include="Patcher\Tests\Suite.spec.h" />
  </ItemGroup>
  <ItemGroup Condition="'$(Platform)'=='x64' Or '$(Platform)'=='Win32'">
    <ClInclude Include="Base\MSDetours\detours_x64.h" />
    <ClInclude Include="Base\MSDetours\detours_x86.h" />
  </ItemGroup>
  <ItemGroup Condition="'$(Platform)'=='ARM64'">
    <ClInclude Include="Base\Keystone\include\keystone\arm.h" />
    <ClInclude Include="Base\Keystone\include\keystone\arm64.h" />
    <ClInclude Include="Base\Keystone\include\keystone\evm.h" />
    <ClInclude Include="Base\Keystone\include\keystone\hexagon.h" />
    <ClInclude Include="Base\Keystone\include\keystone\keystone.h" />
    <ClInclude Include="Base\Keystone\include\keystone\mips.h" />
    <ClInclude Include="Base\Keystone\include\keystone\ppc.h" />
    <ClInclude Include="Base\Keystone\include\keystone\sparc.h" />
    <ClInclude Include="Base\Keystone\include\keystone\systemz.h" />
    <ClInclude Include="Base\Keystone\include\keystone\x86.h" />
    <ClInclude Include="Base\Liberation\Liberation.h" />
  </ItemGroup>
</Project>