
Microsoft Visual Studio Solution File, Format Version 12.00
# Visual Studio Version 16
VisualStudioVersion = 16.0.30128.74
MinimumVisualStudioVersion = 10.0.40219.1
Project("{8BC9CEB8-8B4A-11D0-8D11-00A0C91BC942}") = "Proxy", "Proxy\Proxy.vcxproj", "{82CD196E-4DAE-47BC-A841-2B29AF8E8ECB}"
EndProject
Project("{8BC9CEB8-8B4A-11D0-8D11-00A0C91BC942}") = "Bootstrap", "Bootstrap\Bootstrap.vcxproj", "{78DEE0AF-2263-488A-8EBF-8325218EB6C9}"
EndProject
Project("{FAE04EC0-301F-11D3-BF4B-00C04F79EFBC}") = "MelonLoader", "MelonLoader\MelonLoader.csproj", "{F9700790-414B-431B-9F9C-1D9210FAD682}"
EndProject
Project("{FAE04EC0-301F-11D3-BF4B-00C04F79EFBC}") = "SM_Il2Cpp", "SM_Il2Cpp\SM_Il2Cpp.csproj", "{4BEAF9B5-F780-414B-8F2E-59DA4A91BE50}"
	ProjectSection(ProjectDependencies) = postProject
		{F9700790-414B-431B-9F9C-1D9210FAD682} = {F9700790-414B-431B-9F9C-1D9210FAD682}
	EndProjectSection
EndProject
Project("{FAE04EC0-301F-11D3-BF4B-00C04F79EFBC}") = "SM_Mono", "SM_Mono\SM_Mono.csproj", "{542EC51D-E480-4802-B5AA-96EEC05AF19C}"
	ProjectSection(ProjectDependencies) = postProject
		{F9700790-414B-431B-9F9C-1D9210FAD682} = {F9700790-414B-431B-9F9C-1D9210FAD682}
	EndProjectSection
EndProject
Project("{FAE04EC0-301F-11D3-BF4B-00C04F79EFBC}") = "SM_Mono.Pre-2017", "SM_Mono.Pre-2017\SM_Mono.Pre-2017.csproj", "{BD453107-D5D2-458C-8073-C33A2274696F}"
	ProjectSection(ProjectDependencies) = postProject
		{F9700790-414B-431B-9F9C-1D9210FAD682} = {F9700790-414B-431B-9F9C-1D9210FAD682}
	EndProjectSection
EndProject
Project("{FAE04EC0-301F-11D3-BF4B-00C04F79EFBC}") = "SM_Mono.Pre-5", "SM_Mono.Pre-5\SM_Mono.Pre-5.csproj", "{FB8611F1-0C81-4E4A-85D8-DC05CF29B02D}"
	ProjectSection(ProjectDependencies) = postProject
		{F9700790-414B-431B-9F9C-1D9210FAD682} = {F9700790-414B-431B-9F9C-1D9210FAD682}
	EndProjectSection
EndProject
Project("{FAE04EC0-301F-11D3-BF4B-00C04F79EFBC}") = "SM_Preload", "SM_Preload\SM_Preload.csproj", "{140F10B0-CC78-4209-8FD8-AD2CAF320D13}"
	ProjectSection(ProjectDependencies) = postProject
		{F9700790-414B-431B-9F9C-1D9210FAD682} = {F9700790-414B-431B-9F9C-1D9210FAD682}
	EndProjectSection
EndProject
Project("{FAE04EC0-301F-11D3-BF4B-00C04F79EFBC}") = "Il2CppAssemblyGenerator", "Il2CppAssemblyGenerator\Il2CppAssemblyGenerator.csproj", "{A6452A3F-4BD6-497A-97DA-24F7DF97B234}"
EndProject
Project("{FAE04EC0-301F-11D3-BF4B-00C04F79EFBC}") = "SMCL_IPA", "SMCL_IPA\SMCL_IPA.csproj", "{4FDDBEC0-9C20-456E-8906-77E9CD39C3CA}"
	ProjectSection(ProjectDependencies) = postProject
		{F9700790-414B-431B-9F9C-1D9210FAD682} = {F9700790-414B-431B-9F9C-1D9210FAD682}
	EndProjectSection
EndProject
Project("{FAE04EC0-301F-11D3-BF4B-00C04F79EFBC}") = "SMCL_MDML", "SMCL_MDML\SMCL_MDML.csproj", "{15CFF766-420B-47EF-9E4A-E73D35A4AB44}"
	ProjectSection(ProjectDependencies) = postProject
		{F9700790-414B-431B-9F9C-1D9210FAD682} = {F9700790-414B-431B-9F9C-1D9210FAD682}
	EndProjectSection
EndProject
Project("{FAE04EC0-301F-11D3-BF4B-00C04F79EFBC}") = "SMCL_Demeo", "SMCL_Demeo\SMCL_Demeo.csproj", "{12853B23-E7D9-4E10-AC7F-83382561239F}"
	ProjectSection(ProjectDependencies) = postProject
		{F9700790-414B-431B-9F9C-1D9210FAD682} = {F9700790-414B-431B-9F9C-1D9210FAD682}
	EndProjectSection
EndProject
Project("{FAE04EC0-301F-11D3-BF4B-00C04F79EFBC}") = "MelonStartScreen", "MelonStartScreen\MelonStartScreen.csproj", "{762D7545-6F6B-441A-B040-49CC31A1713B}"
EndProject
Global
	GlobalSection(SolutionConfigurationPlatforms) = preSolution
		Debug|Android = Debug|Android
		Debug|Windows - x64 = Debug|Windows - x64
		Debug|Windows - x86 = Debug|Windows - x86
		Release|Android = Release|Android
		Release|Windows - x64 = Release|Windows - x64
		Release|Windows - x86 = Release|Windows - x86
	EndGlobalSection
	GlobalSection(ProjectConfigurationPlatforms) = postSolution
		{82CD196E-4DAE-47BC-A841-2B29AF8E8ECB}.Debug|Android.ActiveCfg = Debug|Win32
		{82CD196E-4DAE-47BC-A841-2B29AF8E8ECB}.Debug|Windows - x64.ActiveCfg = Debug|x64
		{82CD196E-4DAE-47BC-A841-2B29AF8E8ECB}.Debug|Windows - x86.ActiveCfg = Debug|Win32
		{82CD196E-4DAE-47BC-A841-2B29AF8E8ECB}.Release|Android.ActiveCfg = Release|Win32
		{82CD196E-4DAE-47BC-A841-2B29AF8E8ECB}.Release|Windows - x64.ActiveCfg = Release|x64
		{82CD196E-4DAE-47BC-A841-2B29AF8E8ECB}.Release|Windows - x86.ActiveCfg = Release|Win32
		{78DEE0AF-2263-488A-8EBF-8325218EB6C9}.Debug|Android.ActiveCfg = Debug|ARM
		{78DEE0AF-2263-488A-8EBF-8325218EB6C9}.Debug|Windows - x64.ActiveCfg = Debug|x64
		{78DEE0AF-2263-488A-8EBF-8325218EB6C9}.Debug|Windows - x86.ActiveCfg = Debug|Win32
		{78DEE0AF-2263-488A-8EBF-8325218EB6C9}.Release|Android.ActiveCfg = Release|ARM
		{78DEE0AF-2263-488A-8EBF-8325218EB6C9}.Release|Windows - x64.ActiveCfg = Release|x64
		{78DEE0AF-2263-488A-8EBF-8325218EB6C9}.Release|Windows - x86.ActiveCfg = Release|Win32
		{F9700790-414B-431B-9F9C-1D9210FAD682}.Debug|Android.ActiveCfg = Debug|Any CPU
		{F9700790-414B-431B-9F9C-1D9210FAD682}.Debug|Android.Build.0 = Debug|Any CPU
		{F9700790-414B-431B-9F9C-1D9210FAD682}.Debug|Windows - x64.ActiveCfg = Debug|Any CPU
		{F9700790-414B-431B-9F9C-1D9210FAD682}.Debug|Windows - x64.Build.0 = Debug|Any CPU
		{F9700790-414B-431B-9F9C-1D9210FAD682}.Debug|Windows - x86.ActiveCfg = Debug|Any CPU
		{F9700790-414B-431B-9F9C-1D9210FAD682}.Debug|Windows - x86.Build.0 = Debug|Any CPU
		{F9700790-414B-431B-9F9C-1D9210FAD682}.Release|Android.ActiveCfg = Release|Any CPU
		{F9700790-414B-431B-9F9C-1D9210FAD682}.Release|Android.Build.0 = Release|Any CPU
		{F9700790-414B-431B-9F9C-1D9210FAD682}.Release|Windows - x64.ActiveCfg = Release|Any CPU
		{F9700790-414B-431B-9F9C-1D9210FAD682}.Release|Windows - x64.Build.0 = Release|Any CPU
		{F9700790-414B-431B-9F9C-1D9210FAD682}.Release|Windows - x86.ActiveCfg = Release|Any CPU
		{F9700790-414B-431B-9F9C-1D9210FAD682}.Release|Windows - x86.Build.0 = Release|Any CPU
		{4BEAF9B5-F780-414B-8F2E-59DA4A91BE50}.Debug|Android.ActiveCfg = Debug|Any CPU
		{4BEAF9B5-F780-414B-8F2E-59DA4A91BE50}.Debug|Android.Build.0 = Debug|Any CPU
		{4BEAF9B5-F780-414B-8F2E-59DA4A91BE50}.Debug|Windows - x64.ActiveCfg = Debug|Any CPU
		{4BEAF9B5-F780-414B-8F2E-59DA4A91BE50}.Debug|Windows - x64.Build.0 = Debug|Any CPU
		{4BEAF9B5-F780-414B-8F2E-59DA4A91BE50}.Debug|Windows - x86.ActiveCfg = Debug|Any CPU
		{4BEAF9B5-F780-414B-8F2E-59DA4A91BE50}.Debug|Windows - x86.Build.0 = Debug|Any CPU
		{4BEAF9B5-F780-414B-8F2E-59DA4A91BE50}.Release|Android.ActiveCfg = Release|Any CPU
		{4BEAF9B5-F780-414B-8F2E-59DA4A91BE50}.Release|Android.Build.0 = Release|Any CPU
		{4BEAF9B5-F780-414B-8F2E-59DA4A91BE50}.Release|Windows - x64.ActiveCfg = Release|Any CPU
		{4BEAF9B5-F780-414B-8F2E-59DA4A91BE50}.Release|Windows - x64.Build.0 = Release|Any CPU
		{4BEAF9B5-F780-414B-8F2E-59DA4A91BE50}.Release|Windows - x86.ActiveCfg = Release|Any CPU
		{4BEAF9B5-F780-414B-8F2E-59DA4A91BE50}.Release|Windows - x86.Build.0 = Release|Any CPU
		{542EC51D-E480-4802-B5AA-96EEC05AF19C}.Debug|Android.ActiveCfg = Debug|Any CPU
		{542EC51D-E480-4802-B5AA-96EEC05AF19C}.Debug|Android.Build.0 = Debug|Any CPU
		{542EC51D-E480-4802-B5AA-96EEC05AF19C}.Debug|Windows - x64.ActiveCfg = Debug|Any CPU
		{542EC51D-E480-4802-B5AA-96EEC05AF19C}.Debug|Windows - x64.Build.0 = Debug|Any CPU
		{542EC51D-E480-4802-B5AA-96EEC05AF19C}.Debug|Windows - x86.ActiveCfg = Debug|Any CPU
		{542EC51D-E480-4802-B5AA-96EEC05AF19C}.Debug|Windows - x86.Build.0 = Debug|Any CPU
		{542EC51D-E480-4802-B5AA-96EEC05AF19C}.Release|Android.ActiveCfg = Release|Any CPU
		{542EC51D-E480-4802-B5AA-96EEC05AF19C}.Release|Android.Build.0 = Release|Any CPU
		{542EC51D-E480-4802-B5AA-96EEC05AF19C}.Release|Windows - x64.ActiveCfg = Release|Any CPU
		{542EC51D-E480-4802-B5AA-96EEC05AF19C}.Release|Windows - x64.Build.0 = Release|Any CPU
		{542EC51D-E480-4802-B5AA-96EEC05AF19C}.Release|Windows - x86.ActiveCfg = Release|Any CPU
		{542EC51D-E480-4802-B5AA-96EEC05AF19C}.Release|Windows - x86.Build.0 = Release|Any CPU
		{BD453107-D5D2-458C-8073-C33A2274696F}.Debug|Android.ActiveCfg = Debug|Any CPU
		{BD453107-D5D2-458C-8073-C33A2274696F}.Debug|Android.Build.0 = Debug|Any CPU
		{BD453107-D5D2-458C-8073-C33A2274696F}.Debug|Windows - x64.ActiveCfg = Debug|Any CPU
		{BD453107-D5D2-458C-8073-C33A2274696F}.Debug|Windows - x64.Build.0 = Debug|Any CPU
		{BD453107-D5D2-458C-8073-C33A2274696F}.Debug|Windows - x86.ActiveCfg = Debug|Any CPU
		{BD453107-D5D2-458C-8073-C33A2274696F}.Debug|Windows - x86.Build.0 = Debug|Any CPU
		{BD453107-D5D2-458C-8073-C33A2274696F}.Release|Android.ActiveCfg = Release|Any CPU
		{BD453107-D5D2-458C-8073-C33A2274696F}.Release|Android.Build.0 = Release|Any CPU
		{BD453107-D5D2-458C-8073-C33A2274696F}.Release|Windows - x64.ActiveCfg = Release|Any CPU
		{BD453107-D5D2-458C-8073-C33A2274696F}.Release|Windows - x64.Build.0 = Release|Any CPU
		{BD453107-D5D2-458C-8073-C33A2274696F}.Release|Windows - x86.ActiveCfg = Release|Any CPU
		{BD453107-D5D2-458C-8073-C33A2274696F}.Release|Windows - x86.Build.0 = Release|Any CPU
		{FB8611F1-0C81-4E4A-85D8-DC05CF29B02D}.Debug|Android.ActiveCfg = Debug|Any CPU
		{FB8611F1-0C81-4E4A-85D8-DC05CF29B02D}.Debug|Android.Build.0 = Debug|Any CPU
		{FB8611F1-0C81-4E4A-85D8-DC05CF29B02D}.Debug|Windows - x64.ActiveCfg = Debug|Any CPU
		{FB8611F1-0C81-4E4A-85D8-DC05CF29B02D}.Debug|Windows - x64.Build.0 = Debug|Any CPU
		{FB8611F1-0C81-4E4A-85D8-DC05CF29B02D}.Debug|Windows - x86.ActiveCfg = Debug|Any CPU
		{FB8611F1-0C81-4E4A-85D8-DC05CF29B02D}.Debug|Windows - x86.Build.0 = Debug|Any CPU
		{FB8611F1-0C81-4E4A-85D8-DC05CF29B02D}.Release|Android.ActiveCfg = Release|Any CPU
		{FB8611F1-0C81-4E4A-85D8-DC05CF29B02D}.Release|Android.Build.0 = Release|Any CPU
		{FB8611F1-0C81-4E4A-85D8-DC05CF29B02D}.Release|Windows - x64.ActiveCfg = Release|Any CPU
		{FB8611F1-0C81-4E4A-85D8-DC05CF29B02D}.Release|Windows - x64.Build.0 = Release|Any CPU
		{FB8611F1-0C81-4E4A-85D8-DC05CF29B02D}.Release|Windows - x86.ActiveCfg = Release|Any CPU
		{FB8611F1-0C81-4E4A-85D8-DC05CF29B02D}.Release|Windows - x86.Build.0 = Release|Any CPU
		{140F10B0-CC78-4209-8FD8-AD2CAF320D13}.Debug|Android.ActiveCfg = Debug|Any CPU
		{140F10B0-CC78-4209-8FD8-AD2CAF320D13}.Debug|Android.Build.0 = Debug|Any CPU
		{140F10B0-CC78-4209-8FD8-AD2CAF320D13}.Debug|Windows - x64.ActiveCfg = Debug|Any CPU
		{140F10B0-CC78-4209-8FD8-AD2CAF320D13}.Debug|Windows - x64.Build.0 = Debug|Any CPU
		{140F10B0-CC78-4209-8FD8-AD2CAF320D13}.Debug|Windows - x86.ActiveCfg = Debug|Any CPU
		{140F10B0-CC78-4209-8FD8-AD2CAF320D13}.Debug|Windows - x86.Build.0 = Debug|Any CPU
		{140F10B0-CC78-4209-8FD8-AD2CAF320D13}.Release|Android.ActiveCfg = Release|Any CPU
		{140F10B0-CC78-4209-8FD8-AD2CAF320D13}.Release|Android.Build.0 = Release|Any CPU
		{140F10B0-CC78-4209-8FD8-AD2CAF320D13}.Release|Windows - x64.ActiveCfg = Release|Any CPU
		{140F10B0-CC78-4209-8FD8-AD2CAF320D13}.Release|Windows - x64.Build.0 = Release|Any CPU
		{140F10B0-CC78-4209-8FD8-AD2CAF320D13}.Release|Windows - x86.ActiveCfg = Release|Any CPU
		{140F10B0-CC78-4209-8FD8-AD2CAF320D13}.Release|Windows - x86.Build.0 = Release|Any CPU
		{A6452A3F-4BD6-497A-97DA-24F7DF97B234}.Debug|Android.ActiveCfg = Debug|Any CPU
		{A6452A3F-4BD6-497A-97DA-24F7DF97B234}.Debug|Android.Build.0 = Debug|Any CPU
		{A6452A3F-4BD6-497A-97DA-24F7DF97B234}.Debug|Windows - x64.ActiveCfg = Debug|Any CPU
		{A6452A3F-4BD6-497A-97DA-24F7DF97B234}.Debug|Windows - x64.Build.0 = Debug|Any CPU
		{A6452A3F-4BD6-497A-97DA-24F7DF97B234}.Debug|Windows - x86.ActiveCfg = Debug|Any CPU
		{A6452A3F-4BD6-497A-97DA-24F7DF97B234}.Debug|Windows - x86.Build.0 = Debug|Any CPU
		{A6452A3F-4BD6-497A-97DA-24F7DF97B234}.Release|Android.ActiveCfg = Release|Any CPU
		{A6452A3F-4BD6-497A-97DA-24F7DF97B234}.Release|Android.Build.0 = Release|Any CPU
		{A6452A3F-4BD6-497A-97DA-24F7DF97B234}.Release|Windows - x64.ActiveCfg = Release|Any CPU
		{A6452A3F-4BD6-497A-97DA-24F7DF97B234}.Release|Windows - x64.Build.0 = Release|Any CPU
		{A6452A3F-4BD6-497A-97DA-24F7DF97B234}.Release|Windows - x86.ActiveCfg = Release|Any CPU
		{A6452A3F-4BD6-497A-97DA-24F7DF97B234}.Release|Windows - x86.Build.0 = Release|Any CPU
		{4FDDBEC0-9C20-456E-8906-77E9CD39C3CA}.Debug|Android.ActiveCfg = Debug|Any CPU
		{4FDDBEC0-9C20-456E-8906-77E9CD39C3CA}.Debug|Android.Build.0 = Debug|Any CPU
		{4FDDBEC0-9C20-456E-8906-77E9CD39C3CA}.Debug|Windows - x64.ActiveCfg = Debug|Any CPU
		{4FDDBEC0-9C20-456E-8906-77E9CD39C3CA}.Debug|Windows - x64.Build.0 = Debug|Any CPU
		{4FDDBEC0-9C20-456E-8906-77E9CD39C3CA}.Debug|Windows - x86.ActiveCfg = Debug|Any CPU
		{4FDDBEC0-9C20-456E-8906-77E9CD39C3CA}.Debug|Windows - x86.Build.0 = Debug|Any CPU
		{4FDDBEC0-9C20-456E-8906-77E9CD39C3CA}.Release|Android.ActiveCfg = Release|Any CPU
		{4FDDBEC0-9C20-456E-8906-77E9CD39C3CA}.Release|Android.Build.0 = Release|Any CPU
		{4FDDBEC0-9C20-456E-8906-77E9CD39C3CA}.Release|Windows - x64.ActiveCfg = Release|Any CPU
		{4FDDBEC0-9C20-456E-8906-77E9CD39C3CA}.Release|Windows - x64.Build.0 = Release|Any CPU
		{4FDDBEC0-9C20-456E-8906-77E9CD39C3CA}.Release|Windows - x86.ActiveCfg = Release|Any CPU
		{4FDDBEC0-9C20-456E-8906-77E9CD39C3CA}.Release|Windows - x86.Build.0 = Release|Any CPU
		{15CFF766-420B-47EF-9E4A-E73D35A4AB44}.Debug|Android.ActiveCfg = Debug|Any CPU
		{15CFF766-420B-47EF-9E4A-E73D35A4AB44}.Debug|Android.Build.0 = Debug|Any CPU
		{15CFF766-420B-47EF-9E4A-E73D35A4AB44}.Debug|Windows - x64.ActiveCfg = Debug|Any CPU
		{15CFF766-420B-47EF-9E4A-E73D35A4AB44}.Debug|Windows - x64.Build.0 = Debug|Any CPU
		{15CFF766-420B-47EF-9E4A-E73D35A4AB44}.Debug|Windows - x86.ActiveCfg = Debug|Any CPU
		{15CFF766-420B-47EF-9E4A-E73D35A4AB44}.Debug|Windows - x86.Build.0 = Debug|Any CPU
		{15CFF766-420B-47EF-9E4A-E73D35A4AB44}.Release|Android.ActiveCfg = Release|Any CPU
		{15CFF766-420B-47EF-9E4A-E73D35A4AB44}.Release|Android.Build.0 = Release|Any CPU
		{15CFF766-420B-47EF-9E4A-E73D35A4AB44}.Release|Windows - x64.ActiveCfg = Release|Any CPU
		{15CFF766-420B-47EF-9E4A-E73D35A4AB44}.Release|Windows - x64.Build.0 = Release|Any CPU
		{15CFF766-420B-47EF-9E4A-E73D35A4AB44}.Release|Windows - x86.ActiveCfg = Release|Any CPU
		{15CFF766-420B-47EF-9E4A-E73D35A4AB44}.Release|Windows - x86.Build.0 = Release|Any CPU
		{12853B23-E7D9-4E10-AC7F-83382561239F}.Debug|Android.ActiveCfg = Debug|Any CPU
		{12853B23-E7D9-4E10-AC7F-83382561239F}.Debug|Android.Build.0 = Debug|Any CPU
		{12853B23-E7D9-4E10-AC7F-83382561239F}.Debug|Windows - x64.ActiveCfg = Debug|Any CPU
		{12853B23-E7D9-4E10-AC7F-83382561239F}.Debug|Windows - x64.Build.0 = Debug|Any CPU
		{12853B23-E7D9-4E10-AC7F-83382561239F}.Debug|Windows - x86.ActiveCfg = Debug|Any CPU
		{12853B23-E7D9-4E10-AC7F-83382561239F}.Debug|Windows - x86.Build.0 = Debug|Any CPU
		{12853B23-E7D9-4E10-AC7F-83382561239F}.Release|Android.ActiveCfg = Release|Any CPU
		{12853B23-E7D9-4E10-AC7F-83382561239F}.Release|Android.Build.0 = Release|Any CPU
		{12853B23-E7D9-4E10-AC7F-83382561239F}.Release|Windows - x64.ActiveCfg = Release|Any CPU
		{12853B23-E7D9-4E10-AC7F-83382561239F}.Release|Windows - x64.Build.0 = Release|Any CPU
		{12853B23-E7D9-4E10-AC7F-83382561239F}.Release|Windows - x86.ActiveCfg = Release|Any CPU
		{12853B23-E7D9-4E10-AC7F-83382561239F}.Release|Windows - x86.Build.0 = Release|Any CPU
		{762D7545-6F6B-441A-B040-49CC31A1713B}.Debug|Android.ActiveCfg = Debug|Any CPU
		{762D7545-6F6B-441A-B040-49CC31A1713B}.Debug|Android.Build.0 = Debug|Any CPU
		{762D7545-6F6B-441A-B040-49CC31A1713B}.Debug|Windows - x64.ActiveCfg = Debug|Any CPU
		{762D7545-6F6B-441A-B040-49CC31A1713B}.Debug|Windows - x64.Build.0 = Debug|Any CPU
		{762D7545-6F6B-441A-B040-49CC31A1713B}.Debug|Windows - x86.ActiveCfg = Debug|Any CPU
		{762D7545-6F6B-441A-B040-49CC31A1713B}.Debug|Windows - x86.Build.0 = Debug|Any CPU
		{762D7545-6F6B-441A-B040-49CC31A1713B}.Release|Android.ActiveCfg = Release|Any CPU
		{762D7545-6F6B-441A-B040-49CC31A1713B}.Release|Android.Build.0 = Release|Any CPU
		{762D7545-6F6B-441A-B040-49CC31A1713B}.Release|Windows - x64.ActiveCfg = Release|Any CPU
		{762D7545-6F6B-441A-B040-49CC31A1713B}.Release|Windows - x64.Build.0 = Release|Any CPU
		{762D7545-6F6B-441A-B040-49CC31A1713B}.Release|Windows - x86.ActiveCfg = Release|Any CPU
		{762D7545-6F6B-441A-B040-49CC31A1713B}.Release|Windows - x86.Build.0 = Release|Any CPU
	EndGlobalSection
	GlobalSection(SolutionProperties) = preSolution
		HideSolutionNode = FALSE
	EndGlobalSection
	GlobalSection(ExtensibilityGlobals) = postSolution
		SolutionGuid = {4AB93B1D-1C52-4A80-809D-C28770140E0A}
	EndGlobalSection
EndGlobal
