
Microsoft Visual Studio Solution File, Format Version 12.00
# Visual Studio Version 17
VisualStudioVersion = 17.4.33122.133
MinimumVisualStudioVersion = 10.0.40219.1
Project("{9A19103F-16F7-4668-BE54-9A1E7A4F7556}") = "MelonLoader", "MelonLoader\MelonLoader.csproj", "{F9700790-414B-431B-9F9C-1D9210FAD682}"
EndProject
Project("{2150E333-8FDC-42A3-9474-1A3956D46DE8}") = "Solution Items", "Solution Items", "{B2CA62DF-AD3A-47DD-8E85-B26A93C7BAE9}"
	ProjectSection(SolutionItems) = preProject
		.github\workflows\build.yml = .github\workflows\build.yml
		.github\workflows\nuget.yml = .github\workflows\nuget.yml
		README.md = README.md
	EndProjectSection
EndProject
Project("{9A19103F-16F7-4668-BE54-9A1E7A4F7556}") = "MelonLoader.NativeHost", "MelonLoader.NativeHost\MelonLoader.NativeHost.csproj", "{60D688E3-ECE0-43A6-9922-9D1D3B8C07CC}"
EndProject
Project("{FAE04EC0-301F-11D3-BF4B-00C04F79EFBC}") = "MelonLoader.Bootstrap", "MelonLoader.Bootstrap\MelonLoader.Bootstrap.csproj", "{10CC7C0B-E7BC-43CC-BCE1-B0181337CCF5}"
EndProject
Project("{2150E333-8FDC-42A3-9474-1A3956D46DE8}") = "Engines", "Engines", "{EFD62F17-3C48-4D77-8F19-1D4BCD62CEFB}"
EndProject
Project("{2150E333-8FDC-42A3-9474-1A3956D46DE8}") = "Runtimes", "Runtimes", "{339D0985-0570-4C26-B09F-40E6460646EB}"
EndProject
Project("{2150E333-8FDC-42A3-9474-1A3956D46DE8}") = "Il2Cpp", "Il2Cpp", "{D3939E0F-9232-4D4F-A0B9-48EEEED776C2}"
EndProject
Project("{FAE04EC0-301F-11D3-BF4B-00C04F79EFBC}") = "Runtime.Il2Cpp.Shared", "Dependencies\Modules\Runtimes\Il2Cpp\Runtime.Il2Cpp.Shared\Runtime.Il2Cpp.Shared.csproj", "{DA2631E2-2639-4C8D-AD11-5569F980930E}"
EndProject
Project("{FAE04EC0-301F-11D3-BF4B-00C04F79EFBC}") = "Runtime.Il2Cpp", "Dependencies\Modules\Runtimes\Il2Cpp\Runtime.Il2Cpp\Runtime.Il2Cpp.csproj", "{C06957F2-5402-4C96-829A-0B7847B57E95}"
EndProject
Project("{2150E333-8FDC-42A3-9474-1A3956D46DE8}") = "Unity", "Unity", "{5939AA02-721D-4011-9B89-358446C3C818}"
EndProject
Project("{2150E333-8FDC-42A3-9474-1A3956D46DE8}") = "Il2Cpp", "Il2Cpp", "{1A31A1FE-5F97-4D02-B622-8D62F971EB67}"
EndProject
Project("{FAE04EC0-301F-11D3-BF4B-00C04F79EFBC}") = "Engine.Unity.Shared", "Dependencies\Modules\Engines\Unity\Engine.Unity.Shared\Engine.Unity.Shared.csproj", "{47E5D0BD-04E2-4E2C-8D02-CAD79B637D93}"
EndProject
Project("{FAE04EC0-301F-11D3-BF4B-00C04F79EFBC}") = "Engine.Unity", "Dependencies\Modules\Engines\Unity\Engine.Unity\Engine.Unity.csproj", "{9FF4FFD8-2188-46E3-8A8A-D756B3B0AAD5}"
EndProject
Project("{FAE04EC0-301F-11D3-BF4B-00C04F79EFBC}") = "Unity.Il2Cpp", "Dependencies\Modules\Engines\Unity\Il2Cpp\Unity.Il2Cpp\Unity.Il2Cpp.csproj", "{927F019C-35EE-4942-9CAB-75AE3C043D4C}"
EndProject
Project("{FAE04EC0-301F-11D3-BF4B-00C04F79EFBC}") = "Unity.Il2Cpp.Shared", "Dependencies\Modules\Engines\Unity\Il2Cpp\Unity.Il2Cpp.Shared\Unity.Il2Cpp.Shared.csproj", "{EE6B689E-011A-4FEA-933F-325B0150AEDB}"
EndProject
Project("{FAE04EC0-301F-11D3-BF4B-00C04F79EFBC}") = "Unity.Il2Cpp.AssemblyGenerator", "Dependencies\Modules\Engines\Unity\Il2Cpp\Unity.Il2Cpp.AssemblyGenerator\Unity.Il2Cpp.AssemblyGenerator.csproj", "{51405AB6-110B-4279-8D73-177B7B74537C}"
EndProject
Project("{2150E333-8FDC-42A3-9474-1A3956D46DE8}") = "Mono", "Mono", "{5B41B0FE-3B90-4F82-B1B0-061E39C27EBB}"
EndProject
Project("{2150E333-8FDC-42A3-9474-1A3956D46DE8}") = "Mono", "Mono", "{3B132718-3D60-44B5-AAF8-BDA2E8BBEDBE}"
EndProject
Project("{2150E333-8FDC-42A3-9474-1A3956D46DE8}") = "CoreCLR", "CoreCLR", "{3A54C1B8-344B-4079-971C-7CF7BF1F7295}"
EndProject
Project("{2150E333-8FDC-42A3-9474-1A3956D46DE8}") = "Godot", "Godot", "{AEB11019-A160-4A8C-AB56-06E890AF1BA4}"
EndProject
Project("{FAE04EC0-301F-11D3-BF4B-00C04F79EFBC}") = "Runtime.Mono", "Dependencies\Modules\Runtimes\Mono\Runtime.Mono\Runtime.Mono.csproj", "{CF071430-B106-4D7E-9AC5-D3E892479BD2}"
EndProject
Project("{FAE04EC0-301F-11D3-BF4B-00C04F79EFBC}") = "Runtime.Mono.Shared", "Dependencies\Modules\Runtimes\Mono\Runtime.Mono.Shared\Runtime.Mono.Shared.csproj", "{AF553B0E-A74D-4F1F-857C-18741FB255E8}"
EndProject
Project("{FAE04EC0-301F-11D3-BF4B-00C04F79EFBC}") = "Unity.Mono", "Dependencies\Modules\Engines\Unity\Mono\Unity.Mono\Unity.Mono.csproj", "{27AD78CF-2EC4-4E02-8CEA-D2533D821C33}"
EndProject
Global
	GlobalSection(SolutionConfigurationPlatforms) = preSolution
		Debug|Any CPU = Debug|Any CPU
		Release|Any CPU = Release|Any CPU
	EndGlobalSection
	GlobalSection(ProjectConfigurationPlatforms) = postSolution
		{F9700790-414B-431B-9F9C-1D9210FAD682}.Debug|Any CPU.ActiveCfg = Debug|Any CPU
		{F9700790-414B-431B-9F9C-1D9210FAD682}.Debug|Any CPU.Build.0 = Debug|Any CPU
		{F9700790-414B-431B-9F9C-1D9210FAD682}.Release|Any CPU.ActiveCfg = Release|Any CPU
		{F9700790-414B-431B-9F9C-1D9210FAD682}.Release|Any CPU.Build.0 = Release|Any CPU
		{60D688E3-ECE0-43A6-9922-9D1D3B8C07CC}.Debug|Any CPU.ActiveCfg = Debug|Any CPU
		{60D688E3-ECE0-43A6-9922-9D1D3B8C07CC}.Debug|Any CPU.Build.0 = Debug|Any CPU
		{60D688E3-ECE0-43A6-9922-9D1D3B8C07CC}.Release|Any CPU.ActiveCfg = Release|Any CPU
		{60D688E3-ECE0-43A6-9922-9D1D3B8C07CC}.Release|Any CPU.Build.0 = Release|Any CPU
		{10CC7C0B-E7BC-43CC-BCE1-B0181337CCF5}.Debug|Any CPU.ActiveCfg = Debug|Any CPU
		{10CC7C0B-E7BC-43CC-BCE1-B0181337CCF5}.Debug|Any CPU.Build.0 = Debug|Any CPU
		{10CC7C0B-E7BC-43CC-BCE1-B0181337CCF5}.Release|Any CPU.ActiveCfg = Release|Any CPU
		{10CC7C0B-E7BC-43CC-BCE1-B0181337CCF5}.Release|Any CPU.Build.0 = Release|Any CPU
		{DA2631E2-2639-4C8D-AD11-5569F980930E}.Debug|Any CPU.ActiveCfg = Debug|Any CPU
		{DA2631E2-2639-4C8D-AD11-5569F980930E}.Debug|Any CPU.Build.0 = Debug|Any CPU
		{DA2631E2-2639-4C8D-AD11-5569F980930E}.Release|Any CPU.ActiveCfg = Release|Any CPU
		{DA2631E2-2639-4C8D-AD11-5569F980930E}.Release|Any CPU.Build.0 = Release|Any CPU
		{C06957F2-5402-4C96-829A-0B7847B57E95}.Debug|Any CPU.ActiveCfg = Debug|Any CPU
		{C06957F2-5402-4C96-829A-0B7847B57E95}.Debug|Any CPU.Build.0 = Debug|Any CPU
		{C06957F2-5402-4C96-829A-0B7847B57E95}.Release|Any CPU.ActiveCfg = Release|Any CPU
		{C06957F2-5402-4C96-829A-0B7847B57E95}.Release|Any CPU.Build.0 = Release|Any CPU
		{47E5D0BD-04E2-4E2C-8D02-CAD79B637D93}.Debug|Any CPU.ActiveCfg = Debug|Any CPU
		{47E5D0BD-04E2-4E2C-8D02-CAD79B637D93}.Debug|Any CPU.Build.0 = Debug|Any CPU
		{47E5D0BD-04E2-4E2C-8D02-CAD79B637D93}.Release|Any CPU.ActiveCfg = Release|Any CPU
		{47E5D0BD-04E2-4E2C-8D02-CAD79B637D93}.Release|Any CPU.Build.0 = Release|Any CPU
		{9FF4FFD8-2188-46E3-8A8A-D756B3B0AAD5}.Debug|Any CPU.ActiveCfg = Debug|Any CPU
		{9FF4FFD8-2188-46E3-8A8A-D756B3B0AAD5}.Debug|Any CPU.Build.0 = Debug|Any CPU
		{9FF4FFD8-2188-46E3-8A8A-D756B3B0AAD5}.Release|Any CPU.ActiveCfg = Release|Any CPU
		{9FF4FFD8-2188-46E3-8A8A-D756B3B0AAD5}.Release|Any CPU.Build.0 = Release|Any CPU
		{927F019C-35EE-4942-9CAB-75AE3C043D4C}.Debug|Any CPU.ActiveCfg = Debug|Any CPU
		{927F019C-35EE-4942-9CAB-75AE3C043D4C}.Debug|Any CPU.Build.0 = Debug|Any CPU
		{927F019C-35EE-4942-9CAB-75AE3C043D4C}.Release|Any CPU.ActiveCfg = Release|Any CPU
		{927F019C-35EE-4942-9CAB-75AE3C043D4C}.Release|Any CPU.Build.0 = Release|Any CPU
		{EE6B689E-011A-4FEA-933F-325B0150AEDB}.Debug|Any CPU.ActiveCfg = Debug|Any CPU
		{EE6B689E-011A-4FEA-933F-325B0150AEDB}.Debug|Any CPU.Build.0 = Debug|Any CPU
		{EE6B689E-011A-4FEA-933F-325B0150AEDB}.Release|Any CPU.ActiveCfg = Release|Any CPU
		{EE6B689E-011A-4FEA-933F-325B0150AEDB}.Release|Any CPU.Build.0 = Release|Any CPU
		{51405AB6-110B-4279-8D73-177B7B74537C}.Debug|Any CPU.ActiveCfg = Debug|Any CPU
		{51405AB6-110B-4279-8D73-177B7B74537C}.Debug|Any CPU.Build.0 = Debug|Any CPU
		{51405AB6-110B-4279-8D73-177B7B74537C}.Release|Any CPU.ActiveCfg = Release|Any CPU
		{51405AB6-110B-4279-8D73-177B7B74537C}.Release|Any CPU.Build.0 = Release|Any CPU
		{CF071430-B106-4D7E-9AC5-D3E892479BD2}.Debug|Any CPU.ActiveCfg = Debug|Any CPU
		{CF071430-B106-4D7E-9AC5-D3E892479BD2}.Debug|Any CPU.Build.0 = Debug|Any CPU
		{CF071430-B106-4D7E-9AC5-D3E892479BD2}.Release|Any CPU.ActiveCfg = Release|Any CPU
		{CF071430-B106-4D7E-9AC5-D3E892479BD2}.Release|Any CPU.Build.0 = Release|Any CPU
		{AF553B0E-A74D-4F1F-857C-18741FB255E8}.Debug|Any CPU.ActiveCfg = Debug|Any CPU
		{AF553B0E-A74D-4F1F-857C-18741FB255E8}.Debug|Any CPU.Build.0 = Debug|Any CPU
		{AF553B0E-A74D-4F1F-857C-18741FB255E8}.Release|Any CPU.ActiveCfg = Release|Any CPU
		{AF553B0E-A74D-4F1F-857C-18741FB255E8}.Release|Any CPU.Build.0 = Release|Any CPU
		{27AD78CF-2EC4-4E02-8CEA-D2533D821C33}.Debug|Any CPU.ActiveCfg = Debug|Any CPU
		{27AD78CF-2EC4-4E02-8CEA-D2533D821C33}.Debug|Any CPU.Build.0 = Debug|Any CPU
		{27AD78CF-2EC4-4E02-8CEA-D2533D821C33}.Release|Any CPU.ActiveCfg = Release|Any CPU
		{27AD78CF-2EC4-4E02-8CEA-D2533D821C33}.Release|Any CPU.Build.0 = Release|Any CPU
	EndGlobalSection
	GlobalSection(SolutionProperties) = preSolution
		HideSolutionNode = FALSE
	EndGlobalSection
	GlobalSection(NestedProjects) = preSolution
		{D3939E0F-9232-4D4F-A0B9-48EEEED776C2} = {339D0985-0570-4C26-B09F-40E6460646EB}
		{DA2631E2-2639-4C8D-AD11-5569F980930E} = {D3939E0F-9232-4D4F-A0B9-48EEEED776C2}
		{C06957F2-5402-4C96-829A-0B7847B57E95} = {D3939E0F-9232-4D4F-A0B9-48EEEED776C2}
		{5939AA02-721D-4011-9B89-358446C3C818} = {EFD62F17-3C48-4D77-8F19-1D4BCD62CEFB}
		{1A31A1FE-5F97-4D02-B622-8D62F971EB67} = {5939AA02-721D-4011-9B89-358446C3C818}
		{47E5D0BD-04E2-4E2C-8D02-CAD79B637D93} = {5939AA02-721D-4011-9B89-358446C3C818}
		{9FF4FFD8-2188-46E3-8A8A-D756B3B0AAD5} = {5939AA02-721D-4011-9B89-358446C3C818}
		{927F019C-35EE-4942-9CAB-75AE3C043D4C} = {1A31A1FE-5F97-4D02-B622-8D62F971EB67}
		{EE6B689E-011A-4FEA-933F-325B0150AEDB} = {1A31A1FE-5F97-4D02-B622-8D62F971EB67}
		{51405AB6-110B-4279-8D73-177B7B74537C} = {1A31A1FE-5F97-4D02-B622-8D62F971EB67}
		{5B41B0FE-3B90-4F82-B1B0-061E39C27EBB} = {339D0985-0570-4C26-B09F-40E6460646EB}
		{3B132718-3D60-44B5-AAF8-BDA2E8BBEDBE} = {5939AA02-721D-4011-9B89-358446C3C818}
		{3A54C1B8-344B-4079-971C-7CF7BF1F7295} = {339D0985-0570-4C26-B09F-40E6460646EB}
		{AEB11019-A160-4A8C-AB56-06E890AF1BA4} = {EFD62F17-3C48-4D77-8F19-1D4BCD62CEFB}
		{CF071430-B106-4D7E-9AC5-D3E892479BD2} = {5B41B0FE-3B90-4F82-B1B0-061E39C27EBB}
		{AF553B0E-A74D-4F1F-857C-18741FB255E8} = {5B41B0FE-3B90-4F82-B1B0-061E39C27EBB}
		{27AD78CF-2EC4-4E02-8CEA-D2533D821C33} = {3B132718-3D60-44B5-AAF8-BDA2E8BBEDBE}
	EndGlobalSection
	GlobalSection(ExtensibilityGlobals) = postSolution
		SolutionGuid = {4AB93B1D-1C52-4A80-809D-C28770140E0A}
	EndGlobalSection
EndGlobal
