
Microsoft Visual Studio Solution File, Format Version 12.00
# Visual Studio Version 17
VisualStudioVersion = 17.4.33122.133
MinimumVisualStudioVersion = 10.0.40219.1
Project("{9A19103F-16F7-4668-BE54-9A1E7A4F7556}") = "MelonLoader", "MelonLoader\MelonLoader.csproj", "{F9700790-414B-431B-9F9C-1D9210FAD682}"
EndProject
Project("{2150E333-8FDC-42A3-9474-1A3956D46DE8}") = "Solution Items", "Solution Items", "{B2CA62DF-AD3A-47DD-8E85-B26A93C7BAE9}"
	ProjectSection(SolutionItems) = preProject
		.github\workflows\build.yml = .github\workflows\build.yml
		.github\workflows\nuget.yml = .github\workflows\nuget.yml
		README.md = README.md
	EndProjectSection
EndProject
Project("{9A19103F-16F7-4668-BE54-9A1E7A4F7556}") = "MelonLoader.NativeHost", "MelonLoader.NativeHost\MelonLoader.NativeHost.csproj", "{60D688E3-ECE0-43A6-9922-9D1D3B8C07CC}"
EndProject
Project("{FAE04EC0-301F-11D3-BF4B-00C04F79EFBC}") = "MelonLoader.Bootstrap", "MelonLoader.Bootstrap\MelonLoader.Bootstrap.csproj", "{10CC7C0B-E7BC-43CC-BCE1-B0181337CCF5}"
	ProjectSection(ProjectDependencies) = postProject
		{F9700790-414B-431B-9F9C-1D9210FAD682} = {F9700790-414B-431B-9F9C-1D9210FAD682}
	EndProjectSection
EndProject
Project("{2150E333-8FDC-42A3-9474-1A3956D46DE8}") = "Engines", "Engines", "{E2C418CA-D438-4479-806E-27A33986C07B}"
EndProject
Project("{2150E333-8FDC-42A3-9474-1A3956D46DE8}") = "Runtimes", "Runtimes", "{1E0B1C4A-49B4-4231-ABAF-660CA9F4B8BA}"
EndProject
Project("{2150E333-8FDC-42A3-9474-1A3956D46DE8}") = "Unity", "Unity", "{17A65273-374C-4099-9ED0-E0D8FDBACC50}"
EndProject
Project("{FAE04EC0-301F-11D3-BF4B-00C04F79EFBC}") = "Engine.Unity", "Dependencies\Modules\Engines\Unity\Engine.Unity\Engine.Unity.csproj", "{F717CEC0-F3B0-4756-862D-4FDAC0A8E767}"
	ProjectSection(ProjectDependencies) = postProject
		{8827686B-820E-46CF-B951-0501DF57AA08} = {8827686B-820E-46CF-B951-0501DF57AA08}
		{A994F2B4-50C3-4BB9-8873-A2D628D672EE} = {A994F2B4-50C3-4BB9-8873-A2D628D672EE}
		{C5976796-DF0A-4A09-9053-952D6298F649} = {C5976796-DF0A-4A09-9053-952D6298F649}
	EndProjectSection
EndProject
Project("{2150E333-8FDC-42A3-9474-1A3956D46DE8}") = "Il2Cpp", "Il2Cpp", "{C7508E34-723E-450F-8262-9D36F0E61E26}"
EndProject
Project("{FAE04EC0-301F-11D3-BF4B-00C04F79EFBC}") = "Runtime.Il2Cpp.Shared", "Dependencies\Modules\Runtimes\Il2Cpp\Runtime.Il2Cpp.Shared\Runtime.Il2Cpp.Shared.csproj", "{C5976796-DF0A-4A09-9053-952D6298F649}"
EndProject
Project("{FAE04EC0-301F-11D3-BF4B-00C04F79EFBC}") = "Runtime.Il2Cpp", "Dependencies\Modules\Runtimes\Il2Cpp\Runtime.Il2Cpp\Runtime.Il2Cpp.csproj", "{CB4E584F-48A1-44D2-9EE1-2EC266FAD392}"
EndProject
Project("{FAE04EC0-301F-11D3-BF4B-00C04F79EFBC}") = "Engine.Unity.Shared", "Dependencies\Modules\Engines\Unity\Engine.Unity.Shared\Engine.Unity.Shared.csproj", "{BEB25873-DDDB-4538-AA0A-CE102B7EA2BF}"
EndProject
Project("{FAE04EC0-301F-11D3-BF4B-00C04F79EFBC}") = "Unity.Il2Cpp", "Dependencies\Modules\Engines\Unity\Il2Cpp\Unity.Il2Cpp\Unity.Il2Cpp.csproj", "{8827686B-820E-46CF-B951-0501DF57AA08}"
	ProjectSection(ProjectDependencies) = postProject
		{C5976796-DF0A-4A09-9053-952D6298F649} = {C5976796-DF0A-4A09-9053-952D6298F649}
		{CB4E584F-48A1-44D2-9EE1-2EC266FAD392} = {CB4E584F-48A1-44D2-9EE1-2EC266FAD392}
	EndProjectSection
EndProject
Project("{FAE04EC0-301F-11D3-BF4B-00C04F79EFBC}") = "Unity.Il2Cpp.Shared", "Dependencies\Modules\Engines\Unity\Il2Cpp\Unity.Il2Cpp.Shared\Unity.Il2Cpp.Shared.csproj", "{A994F2B4-50C3-4BB9-8873-A2D628D672EE}"
	ProjectSection(ProjectDependencies) = postProject
		{C5976796-DF0A-4A09-9053-952D6298F649} = {C5976796-DF0A-4A09-9053-952D6298F649}
	EndProjectSection
EndProject
Project("{2150E333-8FDC-42A3-9474-1A3956D46DE8}") = "Il2Cpp", "Il2Cpp", "{BFE65988-EE2B-407C-B5A1-43132CEB6A2D}"
EndProject
Project("{FAE04EC0-301F-11D3-BF4B-00C04F79EFBC}") = "Unity.Il2Cpp.AssemblyGenerator", "Dependencies\Modules\Engines\Unity\Il2Cpp\Unity.Il2Cpp.AssemblyGenerator\Unity.Il2Cpp.AssemblyGenerator.csproj", "{28DD459C-2579-434B-BEE8-2BEE6E73BB32}"
	ProjectSection(ProjectDependencies) = postProject
		{8827686B-820E-46CF-B951-0501DF57AA08} = {8827686B-820E-46CF-B951-0501DF57AA08}
		{A994F2B4-50C3-4BB9-8873-A2D628D672EE} = {A994F2B4-50C3-4BB9-8873-A2D628D672EE}
		{C5976796-DF0A-4A09-9053-952D6298F649} = {C5976796-DF0A-4A09-9053-952D6298F649}
		{CB4E584F-48A1-44D2-9EE1-2EC266FAD392} = {CB4E584F-48A1-44D2-9EE1-2EC266FAD392}
	EndProjectSection
EndProject
Global
	GlobalSection(SolutionConfigurationPlatforms) = preSolution
		Debug|Any CPU = Debug|Any CPU
		Release|Any CPU = Release|Any CPU
	EndGlobalSection
	GlobalSection(ProjectConfigurationPlatforms) = postSolution
		{F9700790-414B-431B-9F9C-1D9210FAD682}.Debug|Any CPU.ActiveCfg = Debug|Any CPU
		{F9700790-414B-431B-9F9C-1D9210FAD682}.Debug|Any CPU.Build.0 = Debug|Any CPU
		{F9700790-414B-431B-9F9C-1D9210FAD682}.Release|Any CPU.ActiveCfg = Release|Any CPU
		{F9700790-414B-431B-9F9C-1D9210FAD682}.Release|Any CPU.Build.0 = Release|Any CPU
		{60D688E3-ECE0-43A6-9922-9D1D3B8C07CC}.Debug|Any CPU.ActiveCfg = Debug|Any CPU
		{60D688E3-ECE0-43A6-9922-9D1D3B8C07CC}.Debug|Any CPU.Build.0 = Debug|Any CPU
		{60D688E3-ECE0-43A6-9922-9D1D3B8C07CC}.Release|Any CPU.ActiveCfg = Release|Any CPU
		{60D688E3-ECE0-43A6-9922-9D1D3B8C07CC}.Release|Any CPU.Build.0 = Release|Any CPU
		{10CC7C0B-E7BC-43CC-BCE1-B0181337CCF5}.Debug|Any CPU.ActiveCfg = Debug|Any CPU
		{10CC7C0B-E7BC-43CC-BCE1-B0181337CCF5}.Debug|Any CPU.Build.0 = Debug|Any CPU
		{10CC7C0B-E7BC-43CC-BCE1-B0181337CCF5}.Release|Any CPU.ActiveCfg = Release|Any CPU
		{10CC7C0B-E7BC-43CC-BCE1-B0181337CCF5}.Release|Any CPU.Build.0 = Release|Any CPU
		{F717CEC0-F3B0-4756-862D-4FDAC0A8E767}.Debug|Any CPU.ActiveCfg = Debug|Any CPU
		{F717CEC0-F3B0-4756-862D-4FDAC0A8E767}.Debug|Any CPU.Build.0 = Debug|Any CPU
		{F717CEC0-F3B0-4756-862D-4FDAC0A8E767}.Release|Any CPU.ActiveCfg = Release|Any CPU
		{F717CEC0-F3B0-4756-862D-4FDAC0A8E767}.Release|Any CPU.Build.0 = Release|Any CPU
		{C5976796-DF0A-4A09-9053-952D6298F649}.Debug|Any CPU.ActiveCfg = Debug|Any CPU
		{C5976796-DF0A-4A09-9053-952D6298F649}.Debug|Any CPU.Build.0 = Debug|Any CPU
		{C5976796-DF0A-4A09-9053-952D6298F649}.Release|Any CPU.ActiveCfg = Release|Any CPU
		{C5976796-DF0A-4A09-9053-952D6298F649}.Release|Any CPU.Build.0 = Release|Any CPU
		{CB4E584F-48A1-44D2-9EE1-2EC266FAD392}.Debug|Any CPU.ActiveCfg = Debug|Any CPU
		{CB4E584F-48A1-44D2-9EE1-2EC266FAD392}.Debug|Any CPU.Build.0 = Debug|Any CPU
		{CB4E584F-48A1-44D2-9EE1-2EC266FAD392}.Release|Any CPU.ActiveCfg = Release|Any CPU
		{CB4E584F-48A1-44D2-9EE1-2EC266FAD392}.Release|Any CPU.Build.0 = Release|Any CPU
		{BEB25873-DDDB-4538-AA0A-CE102B7EA2BF}.Debug|Any CPU.ActiveCfg = Debug|Any CPU
		{BEB25873-DDDB-4538-AA0A-CE102B7EA2BF}.Debug|Any CPU.Build.0 = Debug|Any CPU
		{BEB25873-DDDB-4538-AA0A-CE102B7EA2BF}.Release|Any CPU.ActiveCfg = Release|Any CPU
		{BEB25873-DDDB-4538-AA0A-CE102B7EA2BF}.Release|Any CPU.Build.0 = Release|Any CPU
		{8827686B-820E-46CF-B951-0501DF57AA08}.Debug|Any CPU.ActiveCfg = Debug|Any CPU
		{8827686B-820E-46CF-B951-0501DF57AA08}.Debug|Any CPU.Build.0 = Debug|Any CPU
		{8827686B-820E-46CF-B951-0501DF57AA08}.Release|Any CPU.ActiveCfg = Release|Any CPU
		{8827686B-820E-46CF-B951-0501DF57AA08}.Release|Any CPU.Build.0 = Release|Any CPU
		{A994F2B4-50C3-4BB9-8873-A2D628D672EE}.Debug|Any CPU.ActiveCfg = Debug|Any CPU
		{A994F2B4-50C3-4BB9-8873-A2D628D672EE}.Debug|Any CPU.Build.0 = Debug|Any CPU
		{A994F2B4-50C3-4BB9-8873-A2D628D672EE}.Release|Any CPU.ActiveCfg = Release|Any CPU
		{A994F2B4-50C3-4BB9-8873-A2D628D672EE}.Release|Any CPU.Build.0 = Release|Any CPU
		{28DD459C-2579-434B-BEE8-2BEE6E73BB32}.Debug|Any CPU.ActiveCfg = Debug|Any CPU
		{28DD459C-2579-434B-BEE8-2BEE6E73BB32}.Debug|Any CPU.Build.0 = Debug|Any CPU
		{28DD459C-2579-434B-BEE8-2BEE6E73BB32}.Release|Any CPU.ActiveCfg = Release|Any CPU
		{28DD459C-2579-434B-BEE8-2BEE6E73BB32}.Release|Any CPU.Build.0 = Release|Any CPU
	EndGlobalSection
	GlobalSection(SolutionProperties) = preSolution
		HideSolutionNode = FALSE
	EndGlobalSection
	GlobalSection(NestedProjects) = preSolution
		{17A65273-374C-4099-9ED0-E0D8FDBACC50} = {E2C418CA-D438-4479-806E-27A33986C07B}
		{F717CEC0-F3B0-4756-862D-4FDAC0A8E767} = {17A65273-374C-4099-9ED0-E0D8FDBACC50}
		{C7508E34-723E-450F-8262-9D36F0E61E26} = {1E0B1C4A-49B4-4231-ABAF-660CA9F4B8BA}
		{C5976796-DF0A-4A09-9053-952D6298F649} = {C7508E34-723E-450F-8262-9D36F0E61E26}
		{CB4E584F-48A1-44D2-9EE1-2EC266FAD392} = {C7508E34-723E-450F-8262-9D36F0E61E26}
		{BEB25873-DDDB-4538-AA0A-CE102B7EA2BF} = {17A65273-374C-4099-9ED0-E0D8FDBACC50}
		{8827686B-820E-46CF-B951-0501DF57AA08} = {BFE65988-EE2B-407C-B5A1-43132CEB6A2D}
		{A994F2B4-50C3-4BB9-8873-A2D628D672EE} = {BFE65988-EE2B-407C-B5A1-43132CEB6A2D}
		{BFE65988-EE2B-407C-B5A1-43132CEB6A2D} = {17A65273-374C-4099-9ED0-E0D8FDBACC50}
		{28DD459C-2579-434B-BEE8-2BEE6E73BB32} = {BFE65988-EE2B-407C-B5A1-43132CEB6A2D}
	EndGlobalSection
EndGlobal
