<?xml version="1.0" encoding="utf-8"?>
<Project ToolsVersion="4.0" xmlns="http://schemas.microsoft.com/developer/msbuild/2003">
  <ItemGroup>
    <ClCompile Include="Wrapper.cpp" />
    <ClCompile Include="DerpLoader.cpp" />
    <ClCompile Include="DllMain.cpp" />
  </ItemGroup>
  <ItemGroup>
    <None Include="winmm64.def" />
  </ItemGroup>
  <ItemGroup>
    <MASM Include="winmm64_asm.asm" />
  </ItemGroup>
  <ItemGroup>
    <ClInclude Include="Wrapper.h" />
    <ClInclude Include="DerpLoader.h" />
  </ItemGroup>
</Project>