
Microsoft Visual Studio Solution File, Format Version 12.00
# Visual Studio Version 17
VisualStudioVersion = 17.4.33205.214
MinimumVisualStudioVersion = 10.0.40219.1
Project("{9A19103F-16F7-4668-BE54-9A1E7A4F7556}") = "MelonLoader.Bootstrap", "MelonLoader.Bootstrap\MelonLoader.Bootstrap.csproj", "{7E1AD471-DB9A-4029-963E-BE45515C9648}"
EndProject
Project("{9A19103F-16F7-4668-BE54-9A1E7A4F7556}") = "MelonLoader.Shared", "MelonLoader.Shared\MelonLoader.Shared.csproj", "{C8512A09-20DF-484D-98EB-79FF4D483F8A}"
EndProject
Project("{2150E333-8FDC-42A3-9474-1A3956D46DE8}") = "Modules", "Modules", "{716CE800-E309-4104-ACA3-867BB8BF4FB0}"
EndProject
Project("{2150E333-8FDC-42A3-9474-1A3956D46DE8}") = "Godot", "Godot", "{A5293DFE-1E8A-4933-B3D6-F8B06D995A23}"
EndProject
Project("{2150E333-8FDC-42A3-9474-1A3956D46DE8}") = "Unity", "Unity", "{3E7F5C09-221B-4492-9BA0-2D1ED9BEC58C}"
EndProject
Project("{9A19103F-16F7-4668-BE54-9A1E7A4F7556}") = "MelonLoader.NativeHost", "MelonLoader.NativeHost\MelonLoader.NativeHost.csproj", "{E20B4616-72EF-4805-8FB7-03C9DB214957}"
EndProject
Project("{9A19103F-16F7-4668-BE54-9A1E7A4F7556}") = "Godot.Bootstrap", "Modules\Godot\Godot.Bootstrap\Godot.Bootstrap.csproj", "{483E5B56-7308-4DAD-BF90-B27DC97116D0}"
EndProject
Project("{9A19103F-16F7-4668-BE54-9A1E7A4F7556}") = "Unity.Bootstrap", "Modules\Unity\Unity.Bootstrap\Unity.Bootstrap.csproj", "{75F7B154-10E0-484F-A463-16376FFA5553}"
EndProject
Project("{2150E333-8FDC-42A3-9474-1A3956D46DE8}") = "Mono", "Mono", "{879B734F-9F94-4811-BA4A-28160BD525AA}"
EndProject
Project("{9A19103F-16F7-4668-BE54-9A1E7A4F7556}") = "Mono.Bootstrap", "Modules\Mono\Mono.Bootstrap\Mono.Bootstrap.csproj", "{1C9B792C-E3D4-4006-ACFF-B9813AFB3C19}"
EndProject
Project("{9A19103F-16F7-4668-BE54-9A1E7A4F7556}") = "Mono.Shared", "Modules\Mono\Mono.Shared\Mono.Shared.csproj", "{5C34E23A-F841-460C-BD45-3EE1ED4E15F8}"
EndProject
Project("{2150E333-8FDC-42A3-9474-1A3956D46DE8}") = "CoreCLR", "CoreCLR", "{40E3E955-2FEE-4C38-BE89-76F61594DB4A}"
EndProject
Project("{9A19103F-16F7-4668-BE54-9A1E7A4F7556}") = "CoreCLR.Bootstrap", "Modules\CoreCLR\CoreCLR.Bootstrap\CoreCLR.Bootstrap.csproj", "{0950C2EC-9116-4A7A-B5CF-A6C24CB90689}"
EndProject
Project("{9A19103F-16F7-4668-BE54-9A1E7A4F7556}") = "Unity.Shared", "Modules\Unity\Unity.Shared\Unity.Shared.csproj", "{AAB39E01-B118-4481-9796-036E92B857A0}"
EndProject
Project("{FAE04EC0-301F-11D3-BF4B-00C04F79EFBC}") = "Godot.Shared", "Modules\Godot\Godot.Shared\Godot.Shared.csproj", "{7E2EAB94-16C5-428E-A29E-B71BFCD81137}"
EndProject
Project("{FAE04EC0-301F-11D3-BF4B-00C04F79EFBC}") = "CoreCLR.Shared", "Modules\CoreCLR\CoreCLR.Shared\CoreCLR.Shared.csproj", "{BDABD86B-ABC0-4B59-8863-608FB8A5CEA4}"
EndProject
Project("{FAE04EC0-301F-11D3-BF4B-00C04F79EFBC}") = "Godot.EngineModule", "Modules\Godot\Godot.EngineModule\Godot.EngineModule.csproj", "{B5E4FF6F-061A-4B47-A440-DA8A05AD23CB}"
EndProject
Project("{FAE04EC0-301F-11D3-BF4B-00C04F79EFBC}") = "Unity.EngineModule", "Modules\Unity\Unity.EngineModule\Unity.EngineModule.csproj", "{8DB0F1CF-3043-4A81-AB5D-EBDEBAF57C1F}"
EndProject
Global
	GlobalSection(SolutionConfigurationPlatforms) = preSolution
		Debug|Any CPU = Debug|Any CPU
		Release|Any CPU = Release|Any CPU
	EndGlobalSection
	GlobalSection(ProjectConfigurationPlatforms) = postSolution
		{7E1AD471-DB9A-4029-963E-BE45515C9648}.Debug|Any CPU.ActiveCfg = Debug|Any CPU
		{7E1AD471-DB9A-4029-963E-BE45515C9648}.Debug|Any CPU.Build.0 = Debug|Any CPU
		{7E1AD471-DB9A-4029-963E-BE45515C9648}.Release|Any CPU.ActiveCfg = Release|Any CPU
		{7E1AD471-DB9A-4029-963E-BE45515C9648}.Release|Any CPU.Build.0 = Release|Any CPU
		{C8512A09-20DF-484D-98EB-79FF4D483F8A}.Debug|Any CPU.ActiveCfg = Debug|Any CPU
		{C8512A09-20DF-484D-98EB-79FF4D483F8A}.Debug|Any CPU.Build.0 = Debug|Any CPU
		{C8512A09-20DF-484D-98EB-79FF4D483F8A}.Release|Any CPU.ActiveCfg = Release|Any CPU
		{C8512A09-20DF-484D-98EB-79FF4D483F8A}.Release|Any CPU.Build.0 = Release|Any CPU
		{E20B4616-72EF-4805-8FB7-03C9DB214957}.Debug|Any CPU.ActiveCfg = Debug|Any CPU
		{E20B4616-72EF-4805-8FB7-03C9DB214957}.Debug|Any CPU.Build.0 = Debug|Any CPU
		{E20B4616-72EF-4805-8FB7-03C9DB214957}.Release|Any CPU.ActiveCfg = Release|Any CPU
		{E20B4616-72EF-4805-8FB7-03C9DB214957}.Release|Any CPU.Build.0 = Release|Any CPU
		{483E5B56-7308-4DAD-BF90-B27DC97116D0}.Debug|Any CPU.ActiveCfg = Debug|Any CPU
		{483E5B56-7308-4DAD-BF90-B27DC97116D0}.Debug|Any CPU.Build.0 = Debug|Any CPU
		{483E5B56-7308-4DAD-BF90-B27DC97116D0}.Release|Any CPU.ActiveCfg = Release|Any CPU
		{483E5B56-7308-4DAD-BF90-B27DC97116D0}.Release|Any CPU.Build.0 = Release|Any CPU
		{75F7B154-10E0-484F-A463-16376FFA5553}.Debug|Any CPU.ActiveCfg = Debug|Any CPU
		{75F7B154-10E0-484F-A463-16376FFA5553}.Debug|Any CPU.Build.0 = Debug|Any CPU
		{75F7B154-10E0-484F-A463-16376FFA5553}.Release|Any CPU.ActiveCfg = Release|Any CPU
		{75F7B154-10E0-484F-A463-16376FFA5553}.Release|Any CPU.Build.0 = Release|Any CPU
		{1C9B792C-E3D4-4006-ACFF-B9813AFB3C19}.Debug|Any CPU.ActiveCfg = Debug|Any CPU
		{1C9B792C-E3D4-4006-ACFF-B9813AFB3C19}.Debug|Any CPU.Build.0 = Debug|Any CPU
		{1C9B792C-E3D4-4006-ACFF-B9813AFB3C19}.Release|Any CPU.ActiveCfg = Release|Any CPU
		{1C9B792C-E3D4-4006-ACFF-B9813AFB3C19}.Release|Any CPU.Build.0 = Release|Any CPU
		{5C34E23A-F841-460C-BD45-3EE1ED4E15F8}.Debug|Any CPU.ActiveCfg = Debug|Any CPU
		{5C34E23A-F841-460C-BD45-3EE1ED4E15F8}.Debug|Any CPU.Build.0 = Debug|Any CPU
		{5C34E23A-F841-460C-BD45-3EE1ED4E15F8}.Release|Any CPU.ActiveCfg = Release|Any CPU
		{5C34E23A-F841-460C-BD45-3EE1ED4E15F8}.Release|Any CPU.Build.0 = Release|Any CPU
		{0950C2EC-9116-4A7A-B5CF-A6C24CB90689}.Debug|Any CPU.ActiveCfg = Debug|Any CPU
		{0950C2EC-9116-4A7A-B5CF-A6C24CB90689}.Debug|Any CPU.Build.0 = Debug|Any CPU
		{0950C2EC-9116-4A7A-B5CF-A6C24CB90689}.Release|Any CPU.ActiveCfg = Release|Any CPU
		{0950C2EC-9116-4A7A-B5CF-A6C24CB90689}.Release|Any CPU.Build.0 = Release|Any CPU
		{AAB39E01-B118-4481-9796-036E92B857A0}.Debug|Any CPU.ActiveCfg = Debug|Any CPU
		{AAB39E01-B118-4481-9796-036E92B857A0}.Debug|Any CPU.Build.0 = Debug|Any CPU
		{AAB39E01-B118-4481-9796-036E92B857A0}.Release|Any CPU.ActiveCfg = Release|Any CPU
		{AAB39E01-B118-4481-9796-036E92B857A0}.Release|Any CPU.Build.0 = Release|Any CPU
		{7E2EAB94-16C5-428E-A29E-B71BFCD81137}.Debug|Any CPU.ActiveCfg = Debug|Any CPU
		{7E2EAB94-16C5-428E-A29E-B71BFCD81137}.Debug|Any CPU.Build.0 = Debug|Any CPU
		{7E2EAB94-16C5-428E-A29E-B71BFCD81137}.Release|Any CPU.ActiveCfg = Release|Any CPU
		{7E2EAB94-16C5-428E-A29E-B71BFCD81137}.Release|Any CPU.Build.0 = Release|Any CPU
		{BDABD86B-ABC0-4B59-8863-608FB8A5CEA4}.Debug|Any CPU.ActiveCfg = Debug|Any CPU
		{BDABD86B-ABC0-4B59-8863-608FB8A5CEA4}.Debug|Any CPU.Build.0 = Debug|Any CPU
		{BDABD86B-ABC0-4B59-8863-608FB8A5CEA4}.Release|Any CPU.ActiveCfg = Release|Any CPU
		{BDABD86B-ABC0-4B59-8863-608FB8A5CEA4}.Release|Any CPU.Build.0 = Release|Any CPU
		{B5E4FF6F-061A-4B47-A440-DA8A05AD23CB}.Debug|Any CPU.ActiveCfg = Debug|Any CPU
		{B5E4FF6F-061A-4B47-A440-DA8A05AD23CB}.Debug|Any CPU.Build.0 = Debug|Any CPU
		{B5E4FF6F-061A-4B47-A440-DA8A05AD23CB}.Release|Any CPU.ActiveCfg = Release|Any CPU
		{B5E4FF6F-061A-4B47-A440-DA8A05AD23CB}.Release|Any CPU.Build.0 = Release|Any CPU
		{8DB0F1CF-3043-4A81-AB5D-EBDEBAF57C1F}.Debug|Any CPU.ActiveCfg = Debug|Any CPU
		{8DB0F1CF-3043-4A81-AB5D-EBDEBAF57C1F}.Debug|Any CPU.Build.0 = Debug|Any CPU
		{8DB0F1CF-3043-4A81-AB5D-EBDEBAF57C1F}.Release|Any CPU.ActiveCfg = Release|Any CPU
		{8DB0F1CF-3043-4A81-AB5D-EBDEBAF57C1F}.Release|Any CPU.Build.0 = Release|Any CPU
	EndGlobalSection
	GlobalSection(SolutionProperties) = preSolution
		HideSolutionNode = FALSE
	EndGlobalSection
	GlobalSection(NestedProjects) = preSolution
		{A5293DFE-1E8A-4933-B3D6-F8B06D995A23} = {716CE800-E309-4104-ACA3-867BB8BF4FB0}
		{3E7F5C09-221B-4492-9BA0-2D1ED9BEC58C} = {716CE800-E309-4104-ACA3-867BB8BF4FB0}
		{483E5B56-7308-4DAD-BF90-B27DC97116D0} = {A5293DFE-1E8A-4933-B3D6-F8B06D995A23}
		{75F7B154-10E0-484F-A463-16376FFA5553} = {3E7F5C09-221B-4492-9BA0-2D1ED9BEC58C}
		{879B734F-9F94-4811-BA4A-28160BD525AA} = {716CE800-E309-4104-ACA3-867BB8BF4FB0}
		{1C9B792C-E3D4-4006-ACFF-B9813AFB3C19} = {879B734F-9F94-4811-BA4A-28160BD525AA}
		{5C34E23A-F841-460C-BD45-3EE1ED4E15F8} = {879B734F-9F94-4811-BA4A-28160BD525AA}
		{40E3E955-2FEE-4C38-BE89-76F61594DB4A} = {716CE800-E309-4104-ACA3-867BB8BF4FB0}
		{0950C2EC-9116-4A7A-B5CF-A6C24CB90689} = {40E3E955-2FEE-4C38-BE89-76F61594DB4A}
		{AAB39E01-B118-4481-9796-036E92B857A0} = {3E7F5C09-221B-4492-9BA0-2D1ED9BEC58C}
		{7E2EAB94-16C5-428E-A29E-B71BFCD81137} = {A5293DFE-1E8A-4933-B3D6-F8B06D995A23}
		{BDABD86B-ABC0-4B59-8863-608FB8A5CEA4} = {40E3E955-2FEE-4C38-BE89-76F61594DB4A}
		{B5E4FF6F-061A-4B47-A440-DA8A05AD23CB} = {A5293DFE-1E8A-4933-B3D6-F8B06D995A23}
		{8DB0F1CF-3043-4A81-AB5D-EBDEBAF57C1F} = {3E7F5C09-221B-4492-9BA0-2D1ED9BEC58C}
	EndGlobalSection
	GlobalSection(ExtensibilityGlobals) = postSolution
		SolutionGuid = {4490CB48-16CD-4D0A-858D-1484CB9DED02}
	EndGlobalSection
EndGlobal
