<?xml version="1.0" encoding="utf-8"?>
<Project ToolsVersion="4.0" xmlns="http://schemas.microsoft.com/developer/msbuild/2003">
  <ItemGroup>
    <MASM Include="Exports\version.asm">
      <Filter>Exports</Filter>
    </MASM>
    <MASM Include="Exports\winhttp.asm">
      <Filter>Exports</Filter>
    </MASM>
    <MASM Include="Exports\winmm.asm">
      <Filter>Exports</Filter>
    </MASM>
    <MASM Include="Exports\psapi.asm">
      <Filter>Exports</Filter>
    </MASM>
  </ItemGroup>
  <ItemGroup>
    <ClCompile Include="Base\DllMain.cpp">
      <Filter>Base</Filter>
    </ClCompile>
    <ClCompile Include="Core.cpp" />
    <ClCompile Include="Exports.cpp" />
    <ClCompile Include="Utils\Utility.cpp">
      <Filter>Utils</Filter>
    </ClCompile>
  </ItemGroup>
  <ItemGroup>
    <Filter Include="Base">
      <UniqueIdentifier>{c5fdd564-2ef0-47c2-aa6f-26e278ea65ee}</UniqueIdentifier>
    </Filter>
    <Filter Include="Exports">
      <UniqueIdentifier>{55065569-1650-4acf-8d0f-823717368cae}</UniqueIdentifier>
    </Filter>
    <Filter Include="Utils">
      <UniqueIdentifier>{03bf83a5-b02f-4131-bb68-2fab5376d048}</UniqueIdentifier>
    </Filter>
  </ItemGroup>
  <ItemGroup>
    <ClInclude Include="Base\resource.h">
      <Filter>Base</Filter>
    </ClInclude>
    <ClInclude Include="Core.h" />
    <ClInclude Include="Exports.h" />
    <ClInclude Include="Utils\Utility.h">
      <Filter>Utils</Filter>
    </ClInclude>
    <ClInclude Include="Exports\export_resources.h">
      <Filter>Exports</Filter>
    </ClInclude>
  </ItemGroup>
  <ItemGroup>
    <None Include="Exports\Exports.def">
      <Filter>Exports</Filter>
    </None>
  </ItemGroup>
  <ItemGroup>
    <ResourceCompile Include="Base\Proxy.rc">
      <Filter>Base</Filter>
    </ResourceCompile>
  </ItemGroup>
</Project>